
Microsoft Visual Studio Solution File, Format Version 12.00
# Visual Studio Version 17
VisualStudioVersion = 17.9.34701.34
MinimumVisualStudioVersion = 10.0.40219.1
Project("{8BC9CEB8-8B4A-11D0-8D11-00A0C91BC942}") = "DynamicPokaz2.2", "DynamicPokaz2.2\DynamicPokaz2.2.vcxproj", "{CED58011-D768-4399-8133-E6F4029EB527}"
EndProject
Global
	GlobalSection(SolutionConfigurationPlatforms) = preSolution
		Debug|x64 = Debug|x64
		Debug|x86 = Debug|x86
		Release|x64 = Release|x64
		Release|x86 = Release|x86
	EndGlobalSection
	GlobalSection(ProjectConfigurationPlatforms) = postSolution
		{CED58011-D768-4399-8133-E6F4029EB527}.Debug|x64.ActiveCfg = Debug|x64
		{CED58011-D768-4399-8133-E6F4029EB527}.Debug|x64.Build.0 = Debug|x64
		{CED58011-D768-4399-8133-E6F4029EB527}.Debug|x86.ActiveCfg = Debug|Win32
		{CED58011-D768-4399-8133-E6F4029EB527}.Debug|x86.Build.0 = Debug|Win32
		{CED58011-D768-4399-8133-E6F4029EB527}.Release|x64.ActiveCfg = Release|x64
		{CED58011-D768-4399-8133-E6F4029EB527}.Release|x64.Build.0 = Release|x64
		{CED58011-D768-4399-8133-E6F4029EB527}.Release|x86.ActiveCfg = Release|Win32
		{CED58011-D768-4399-8133-E6F4029EB527}.Release|x86.Build.0 = Release|Win32
	EndGlobalSection
	GlobalSection(SolutionProperties) = preSolution
		HideSolutionNode = FALSE
	EndGlobalSection
	GlobalSection(ExtensibilityGlobals) = postSolution
		SolutionGuid = {A7D1EE6F-6D0E-428A-BFB8-029FB725E8F5}
	EndGlobalSection
EndGlobal
